github.com/michenriksen/hugo-theme-til v0.5.2 h1:pwq4/kyPdk90X5kK88TPZJg30qmoOxjXJCeT5Hbt2C4=
github.com/michenriksen/hugo-theme-til v0.5.2/go.mod h1:t9bPWV70WG1Xq6XNR15QJXvLN4XECyFZDBc44ixKg1s=
github.com/panr/hugo-theme-terminal/v4 v4.1.0 h1:1y9PqRTacLk1/qXGlO5KiyKQcRIIOJ20L9TGr8vw8pA=
github.com/panr/hugo-theme-terminal/v4 v4.1.0/go.mod h1:W0sFodm5ipL5gjRqOFjg4zD+euoQ8hCtyDDtqSpihxM=
